
Microsoft Visual Studio Solution File, Format Version 12.00
# Visual Studio Version 16
VisualStudioVersion = 16.0.30204.135
MinimumVisualStudioVersion = 10.0.40219.1
Project("{FAE04EC0-301F-11D3-BF4B-00C04F79EFBC}") = "Soundboard", "Soundboard\Soundboard.csproj", "{8B908F3B-E6D0-4C37-897B-96C4511EDE72}"
EndProject
Global
	GlobalSection(SolutionConfigurationPlatforms) = preSolution
		Debug|Any CPU = Debug|Any CPU
		Release|Any CPU = Release|Any CPU
	EndGlobalSection
	GlobalSection(ProjectConfigurationPlatforms) = postSolution
		{8B908F3B-E6D0-4C37-897B-96C4511EDE72}.Debug|Any CPU.ActiveCfg = Debug|Any CPU
		{8B908F3B-E6D0-4C37-897B-96C4511EDE72}.Debug|Any CPU.Build.0 = Debug|Any CPU
		{8B908F3B-E6D0-4C37-897B-96C4511EDE72}.Release|Any CPU.ActiveCfg = Release|Any CPU
		{8B908F3B-E6D0-4C37-897B-96C4511EDE72}.Release|Any CPU.Build.0 = Release|Any CPU
	EndGlobalSection
	GlobalSection(SolutionProperties) = preSolution
		HideSolutionNode = FALSE
	EndGlobalSection
	GlobalSection(ExtensibilityGlobals) = postSolution
		SolutionGuid = {1D5E1D8D-486D-4218-8717-CA89F0FE13D3}
	EndGlobalSection
EndGlobal
